// !$*UTF8*$!
{
	archiveVersion = 1;
	classes = {
	};
	objectVersion = 77;
	objects = {

/* Begin PBXBuildFile section */
		9B48BDDF2DE0C18F00AE962B /* FirebaseAuth in Frameworks */ = {isa = PBXBuildFile; productRef = 9B48BDDE2DE0C18F00AE962B /* FirebaseAuth */; };
		9B48BDE12DE0C18F00AE962B /* FirebaseDatabase in Frameworks */ = {isa = PBXBuildFile; productRef = 9B48BDE02DE0C18F00AE962B /* FirebaseDatabase */; };
		9B48BDE32DE0C18F00AE962B /* FirebaseFirestore in Frameworks */ = {isa = PBXBuildFile; productRef = 9B48BDE22DE0C18F00AE962B /* FirebaseFirestore */; };
		9B48BDE52DE0C18F00AE962B /* FirebaseStorage in Frameworks */ = {isa = PBXBuildFile; productRef = 9B48BDE42DE0C18F00AE962B /* FirebaseStorage */; };
		9B48BDEC2DE0C2DE00AE962B /* GoogleService-Info.plist in Resources */ = {isa = PBXBuildFile; fileRef = 9B48BDE92DE0C2DE00AE962B /* GoogleService-Info.plist */; };
		9B48BDED2DE0C2DE00AE962B /* GoogleService-Info.plist in Resources */ = {isa = PBXBuildFile; fileRef = 9B48BDE92DE0C2DE00AE962B /* GoogleService-Info.plist */; };
		9B48BDF12DE0C3B200AE962B /* GoogleService-Info.plist in Resources */ = {isa = PBXBuildFile; fileRef = 9B48BDEF2DE0C3B200AE962B /* GoogleService-Info.plist */; };
		9B48BDF22DE0C3B200AE962B /* GoogleService-Info.plist in Resources */ = {isa = PBXBuildFile; fileRef = 9B48BDEF2DE0C3B200AE962B /* GoogleService-Info.plist */; };
		9B48BDF32DE0C3B200AE962B /* GoogleService-Info.plist in Resources */ = {isa = PBXBuildFile; fileRef = 9B48BDEF2DE0C3B200AE962B /* GoogleService-Info.plist */; };
		9B48BDFF2DE0CA0600AE962B /* FirebaseFirestoreCombine-Community in Frameworks */ = {isa = PBXBuildFile; productRef = 9B48BDFE2DE0CA0600AE962B /* FirebaseFirestoreCombine-Community */; };
		9B48BE012DE0CBBA00AE962B /* FirebaseCore in Frameworks */ = {isa = PBXBuildFile; productRef = 9B48BE002DE0CBBA00AE962B /* FirebaseCore */; };
		9BF2FE532DE59232000D4184 /* Config.xcconfig in Resources */ = {isa = PBXBuildFile; fileRef = 9BF2FE522DE59232000D4184 /* Config.xcconfig */; };
/* End PBXBuildFile section */

/* Begin PBXContainerItemProxy section */
		9B48BDB52DE08F7D00AE962B /* PBXContainerItemProxy */ = {
			isa = PBXContainerItemProxy;
			containerPortal = 9B48BD9F2DE08F7C00AE962B /* Project object */;
			proxyType = 1;
			remoteGlobalIDString = 9B48BDA62DE08F7C00AE962B;
			remoteInfo = StyleCast;
		};
		9B48BDBF2DE08F7D00AE962B /* PBXContainerItemProxy */ = {
			isa = PBXContainerItemProxy;
			containerPortal = 9B48BD9F2DE08F7C00AE962B /* Project object */;
			proxyType = 1;
			remoteGlobalIDString = 9B48BDA62DE08F7C00AE962B;
			remoteInfo = StyleCast;
		};
/* End PBXContainerItemProxy section */

/* Begin PBXFileReference section */
		9B48BDA72DE08F7C00AE962B /* StyleCast.app */ = {isa = PBXFileReference; explicitFileType = wrapper.application; includeInIndex = 0; path = StyleCast.app; sourceTree = BUILT_PRODUCTS_DIR; };
		9B48BDB42DE08F7D00AE962B /* StyleCastTests.xctest */ = {isa = PBXFileReference; explicitFileType = wrapper.cfbundle; includeInIndex = 0; path = StyleCastTests.xctest; sourceTree = BUILT_PRODUCTS_DIR; };
		9B48BDBE2DE08F7D00AE962B /* StyleCastUITests.xctest */ = {isa = PBXFileReference; explicitFileType = wrapper.cfbundle; includeInIndex = 0; path = StyleCastUITests.xctest; sourceTree = BUILT_PRODUCTS_DIR; };
		9B48BDE92DE0C2DE00AE962B /* GoogleService-Info.plist */ = {isa = PBXFileReference; lastKnownFileType = text.plist.xml; path = "GoogleService-Info.plist"; sourceTree = "<group>"; };
		9B48BDEF2DE0C3B200AE962B /* GoogleService-Info.plist */ = {isa = PBXFileReference; lastKnownFileType = text.plist.xml; path = "GoogleService-Info.plist"; sourceTree = "<group>"; };
		9BF2FE522DE59232000D4184 /* Config.xcconfig */ = {isa = PBXFileReference; lastKnownFileType = text.xcconfig; path = Config.xcconfig; sourceTree = "<group>"; };
/* End PBXFileReference section */

/* Begin PBXFileSystemSynchronizedBuildFileExceptionSet section */
		9B48BDEE2DE0C39400AE962B /* Exceptions for "StyleCast" folder in "StyleCast" target */ = {
			isa = PBXFileSystemSynchronizedBuildFileExceptionSet;
			membershipExceptions = (
				"Firebase/GoogleService-Info.plist",
				Info.plist,
			);
			target = 9B48BDA62DE08F7C00AE962B /* StyleCast */;
		};
/* End PBXFileSystemSynchronizedBuildFileExceptionSet section */

/* Begin PBXFileSystemSynchronizedRootGroup section */
		9B48BDA92DE08F7C00AE962B /* StyleCast */ = {
			isa = PBXFileSystemSynchronizedRootGroup;
			exceptions = (
				9B48BDEE2DE0C39400AE962B /* Exceptions for "StyleCast" folder in "StyleCast" target */,
			);
			path = StyleCast;
			sourceTree = "<group>";
		};
		9B48BDB72DE08F7D00AE962B /* StyleCastTests */ = {
			isa = PBXFileSystemSynchronizedRootGroup;
			path = StyleCastTests;
			sourceTree = "<group>";
		};
		9B48BDC12DE08F7D00AE962B /* StyleCastUITests */ = {
			isa = PBXFileSystemSynchronizedRootGroup;
			path = StyleCastUITests;
			sourceTree = "<group>";
		};
/* End PBXFileSystemSynchronizedRootGroup section */

/* Begin PBXFrameworksBuildPhase section */
		9B48BDA42DE08F7C00AE962B /* Frameworks */ = {
			isa = PBXFrameworksBuildPhase;
			buildActionMask = 2147483647;
			files = (
				9B48BDE12DE0C18F00AE962B /* FirebaseDatabase in Frameworks */,
				9B48BDE52DE0C18F00AE962B /* FirebaseStorage in Frameworks */,
				9B48BDDF2DE0C18F00AE962B /* FirebaseAuth in Frameworks */,
				9B48BDFF2DE0CA0600AE962B /* FirebaseFirestoreCombine-Community in Frameworks */,
				9B48BE012DE0CBBA00AE962B /* FirebaseCore in Frameworks */,
				9B48BDE32DE0C18F00AE962B /* FirebaseFirestore in Frameworks */,
			);
			runOnlyForDeploymentPostprocessing = 0;
		};
		9B48BDB12DE08F7D00AE962B /* Frameworks */ = {
			isa = PBXFrameworksBuildPhase;
			buildActionMask = 2147483647;
			files = (
			);
			runOnlyForDeploymentPostprocessing = 0;
		};
		9B48BDBB2DE08F7D00AE962B /* Frameworks */ = {
			isa = PBXFrameworksBuildPhase;
			buildActionMask = 2147483647;
			files = (
			);
			runOnlyForDeploymentPostprocessing = 0;
		};
/* End PBXFrameworksBuildPhase section */

/* Begin PBXGroup section */
		9B48BD9E2DE08F7C00AE962B = {
			isa = PBXGroup;
			children = (
				9BF2FE522DE59232000D4184 /* Config.xcconfig */,
				9B48BDF02DE0C3B200AE962B /* Firebase */,
				9B48BDEA2DE0C2DE00AE962B /* Firebase */,
				9B48BDA92DE08F7C00AE962B /* StyleCast */,
				9B48BDB72DE08F7D00AE962B /* StyleCastTests */,
				9B48BDC12DE08F7D00AE962B /* StyleCastUITests */,
				9B48BE022DE0CD8C00AE962B /* Frameworks */,
				9B48BDA82DE08F7C00AE962B /* Products */,
			);
			sourceTree = "<group>";
		};
		9B48BDA82DE08F7C00AE962B /* Products */ = {
			isa = PBXGroup;
			children = (
				9B48BDA72DE08F7C00AE962B /* StyleCast.app */,
				9B48BDB42DE08F7D00AE962B /* StyleCastTests.xctest */,
				9B48BDBE2DE08F7D00AE962B /* StyleCastUITests.xctest */,
			);
			name = Products;
			sourceTree = "<group>";
		};
		9B48BDEA2DE0C2DE00AE962B /* Firebase */ = {
			isa = PBXGroup;
			children = (
				9B48BDE92DE0C2DE00AE962B /* GoogleService-Info.plist */,
			);
			path = Firebase;
			sourceTree = "<group>";
		};
		9B48BDF02DE0C3B200AE962B /* Firebase */ = {
			isa = PBXGroup;
			children = (
				9B48BDEF2DE0C3B200AE962B /* GoogleService-Info.plist */,
			);
			path = Firebase;
			sourceTree = "<group>";
		};
		9B48BE022DE0CD8C00AE962B /* Frameworks */ = {
			isa = PBXGroup;
			children = (
			);
			name = Frameworks;
			sourceTree = "<group>";
		};
/* End PBXGroup section */

/* Begin PBXNativeTarget section */
		9B48BDA62DE08F7C00AE962B /* StyleCast */ = {
			isa = PBXNativeTarget;
			buildConfigurationList = 9B48BDC82DE08F7D00AE962B /* Build configuration list for PBXNativeTarget "StyleCast" */;
			buildPhases = (
				9B48BDA32DE08F7C00AE962B /* Sources */,
				9B48BDA42DE08F7C00AE962B /* Frameworks */,
				9B48BDA52DE08F7C00AE962B /* Resources */,
			);
			buildRules = (
			);
			dependencies = (
			);
			fileSystemSynchronizedGroups = (
				9B48BDA92DE08F7C00AE962B /* StyleCast */,
			);
			name = StyleCast;
			packageProductDependencies = (
				9B48BDDE2DE0C18F00AE962B /* FirebaseAuth */,
				9B48BDE02DE0C18F00AE962B /* FirebaseDatabase */,
				9B48BDE22DE0C18F00AE962B /* FirebaseFirestore */,
				9B48BDE42DE0C18F00AE962B /* FirebaseStorage */,
				9B48BDFE2DE0CA0600AE962B /* FirebaseFirestoreCombine-Community */,
				9B48BE002DE0CBBA00AE962B /* FirebaseCore */,
			);
			productName = StyleCast;
			productReference = 9B48BDA72DE08F7C00AE962B /* StyleCast.app */;
			productType = "com.apple.product-type.application";
		};
		9B48BDB32DE08F7D00AE962B /* StyleCastTests */ = {
			isa = PBXNativeTarget;
			buildConfigurationList = 9B48BDCB2DE08F7D00AE962B /* Build configuration list for PBXNativeTarget "StyleCastTests" */;
			buildPhases = (
				9B48BDB02DE08F7D00AE962B /* Sources */,
				9B48BDB12DE08F7D00AE962B /* Frameworks */,
				9B48BDB22DE08F7D00AE962B /* Resources */,
			);
			buildRules = (
			);
			dependencies = (
				9B48BDB62DE08F7D00AE962B /* PBXTargetDependency */,
			);
			fileSystemSynchronizedGroups = (
				9B48BDB72DE08F7D00AE962B /* StyleCastTests */,
			);
			name = StyleCastTests;
			packageProductDependencies = (
			);
			productName = StyleCastTests;
			productReference = 9B48BDB42DE08F7D00AE962B /* StyleCastTests.xctest */;
			productType = "com.apple.product-type.bundle.unit-test";
		};
		9B48BDBD2DE08F7D00AE962B /* StyleCastUITests */ = {
			isa = PBXNativeTarget;
			buildConfigurationList = 9B48BDCE2DE08F7D00AE962B /* Build configuration list for PBXNativeTarget "StyleCastUITests" */;
			buildPhases = (
				9B48BDBA2DE08F7D00AE962B /* Sources */,
				9B48BDBB2DE08F7D00AE962B /* Frameworks */,
				9B48BDBC2DE08F7D00AE962B /* Resources */,
			);
			buildRules = (
			);
			dependencies = (
				9B48BDC02DE08F7D00AE962B /* PBXTargetDependency */,
			);
			fileSystemSynchronizedGroups = (
				9B48BDC12DE08F7D00AE962B /* StyleCastUITests */,
			);
			name = StyleCastUITests;
			packageProductDependencies = (
			);
			productName = StyleCastUITests;
			productReference = 9B48BDBE2DE08F7D00AE962B /* StyleCastUITests.xctest */;
			productType = "com.apple.product-type.bundle.ui-testing";
		};
/* End PBXNativeTarget section */

/* Begin PBXProject section */
		9B48BD9F2DE08F7C00AE962B /* Project object */ = {
			isa = PBXProject;
			attributes = {
				BuildIndependentTargetsInParallel = 1;
				LastSwiftUpdateCheck = 1630;
				LastUpgradeCheck = 1630;
				TargetAttributes = {
					9B48BDA62DE08F7C00AE962B = {
						CreatedOnToolsVersion = 16.3;
					};
					9B48BDB32DE08F7D00AE962B = {
						CreatedOnToolsVersion = 16.3;
						TestTargetID = 9B48BDA62DE08F7C00AE962B;
					};
					9B48BDBD2DE08F7D00AE962B = {
						CreatedOnToolsVersion = 16.3;
						TestTargetID = 9B48BDA62DE08F7C00AE962B;
					};
				};
			};
			buildConfigurationList = 9B48BDA22DE08F7C00AE962B /* Build configuration list for PBXProject "StyleCast" */;
			developmentRegion = en;
			hasScannedForEncodings = 0;
			knownRegions = (
				en,
				Base,
			);
			mainGroup = 9B48BD9E2DE08F7C00AE962B;
			minimizedProjectReferenceProxies = 1;
			packageReferences = (
				9B48BDDD2DE0C18F00AE962B /* XCRemoteSwiftPackageReference "firebase-ios-sdk" */,
			);
			preferredProjectObjectVersion = 77;
			productRefGroup = 9B48BDA82DE08F7C00AE962B /* Products */;
			projectDirPath = "";
			projectRoot = "";
			targets = (
				9B48BDA62DE08F7C00AE962B /* StyleCast */,
				9B48BDB32DE08F7D00AE962B /* StyleCastTests */,
				9B48BDBD2DE08F7D00AE962B /* StyleCastUITests */,
			);
		};
/* End PBXProject section */

/* Begin PBXResourcesBuildPhase section */
		9B48BDA52DE08F7C00AE962B /* Resources */ = {
			isa = PBXResourcesBuildPhase;
			buildActionMask = 2147483647;
			files = (
				9B48BDF32DE0C3B200AE962B /* GoogleService-Info.plist in Resources */,
				9BF2FE532DE59232000D4184 /* Config.xcconfig in Resources */,
			);
			runOnlyForDeploymentPostprocessing = 0;
		};
		9B48BDB22DE08F7D00AE962B /* Resources */ = {
			isa = PBXResourcesBuildPhase;
			buildActionMask = 2147483647;
			files = (
				9B48BDED2DE0C2DE00AE962B /* GoogleService-Info.plist in Resources */,
				9B48BDF22DE0C3B200AE962B /* GoogleService-Info.plist in Resources */,
			);
			runOnlyForDeploymentPostprocessing = 0;
		};
		9B48BDBC2DE08F7D00AE962B /* Resources */ = {
			isa = PBXResourcesBuildPhase;
			buildActionMask = 2147483647;
			files = (
				9B48BDEC2DE0C2DE00AE962B /* GoogleService-Info.plist in Resources */,
				9B48BDF12DE0C3B200AE962B /* GoogleService-Info.plist in Resources */,
			);
			runOnlyForDeploymentPostprocessing = 0;
		};
/* End PBXResourcesBuildPhase section */

/* Begin PBXSourcesBuildPhase section */
		9B48BDA32DE08F7C00AE962B /* Sources */ = {
			isa = PBXSourcesBuildPhase;
			buildActionMask = 2147483647;
			files = (
			);
			runOnlyForDeploymentPostprocessing = 0;
		};
		9B48BDB02DE08F7D00AE962B /* Sources */ = {
			isa = PBXSourcesBuildPhase;
			buildActionMask = 2147483647;
			files = (
			);
			runOnlyForDeploymentPostprocessing = 0;
		};
		9B48BDBA2DE08F7D00AE962B /* Sources */ = {
			isa = PBXSourcesBuildPhase;
			buildActionMask = 2147483647;
			files = (
			);
			runOnlyForDeploymentPostprocessing = 0;
		};
/* End PBXSourcesBuildPhase section */

/* Begin PBXTargetDependency section */
		9B48BDB62DE08F7D00AE962B /* PBXTargetDependency */ = {
			isa = PBXTargetDependency;
			target = 9B48BDA62DE08F7C00AE962B /* StyleCast */;
			targetProxy = 9B48BDB52DE08F7D00AE962B /* PBXContainerItemProxy */;
		};
		9B48BDC02DE08F7D00AE962B /* PBXTargetDependency */ = {
			isa = PBXTargetDependency;
			target = 9B48BDA62DE08F7C00AE962B /* StyleCast */;
			targetProxy = 9B48BDBF2DE08F7D00AE962B /* PBXContainerItemProxy */;
		};
/* End PBXTargetDependency section */

/* Begin XCBuildConfiguration section */
		9B48BDC62DE08F7D00AE962B /* Debug */ = {
			isa = XCBuildConfiguration;
			buildSettings = {
				ALWAYS_SEARCH_USER_PATHS = NO;
				ASSETCATALOG_COMPILER_GENERATE_SWIFT_ASSET_SYMBOL_EXTENSIONS = YES;
				CLANG_ANALYZER_NONNULL = YES;
				CLANG_ANALYZER_NUMBER_OBJECT_CONVERSION = YES_AGGRESSIVE;
				CLANG_CXX_LANGUAGE_STANDARD = "gnu++20";
				CLANG_ENABLE_MODULES = YES;
				CLANG_ENABLE_OBJC_ARC = YES;
				CLANG_ENABLE_OBJC_WEAK = YES;
				CLANG_WARN_BLOCK_CAPTURE_AUTORELEASING = YES;
				CLANG_WARN_BOOL_CONVERSION = YES;
				CLANG_WARN_COMMA = YES;
				CLANG_WARN_CONSTANT_CONVERSION = YES;
				CLANG_WARN_DEPRECATED_OBJC_IMPLEMENTATIONS = YES;
				CLANG_WARN_DIRECT_OBJC_ISA_USAGE = YES_ERROR;
				CLANG_WARN_DOCUMENTATION_COMMENTS = YES;
				CLANG_WARN_EMPTY_BODY = YES;
				CLANG_WARN_ENUM_CONVERSION = YES;
				CLANG_WARN_INFINITE_RECURSION = YES;
				CLANG_WARN_INT_CONVERSION = YES;
				CLANG_WARN_NON_LITERAL_NULL_CONVERSION = YES;
				CLANG_WARN_OBJC_IMPLICIT_RETAIN_SELF = YES;
				CLANG_WARN_OBJC_LITERAL_CONVERSION = YES;
				CLANG_WARN_OBJC_ROOT_CLASS = YES_ERROR;
				CLANG_WARN_QUOTED_INCLUDE_IN_FRAMEWORK_HEADER = YES;
				CLANG_WARN_RANGE_LOOP_ANALYSIS = YES;
				CLANG_WARN_STRICT_PROTOTYPES = YES;
				CLANG_WARN_SUSPICIOUS_MOVE = YES;
				CLANG_WARN_UNGUARDED_AVAILABILITY = YES_AGGRESSIVE;
				CLANG_WARN_UNREACHABLE_CODE = YES;
				CLANG_WARN__DUPLICATE_METHOD_MATCH = YES;
				COPY_PHASE_STRIP = NO;
				DEBUG_INFORMATION_FORMAT = dwarf;
				ENABLE_STRICT_OBJC_MSGSEND = YES;
				ENABLE_TESTABILITY = YES;
				ENABLE_USER_SCRIPT_SANDBOXING = YES;
				GCC_C_LANGUAGE_STANDARD = gnu17;
				GCC_DYNAMIC_NO_PIC = NO;
				GCC_NO_COMMON_BLOCKS = YES;
				GCC_OPTIMIZATION_LEVEL = 0;
				GCC_PREPROCESSOR_DEFINITIONS = (
					"DEBUG=1",
					"$(inherited)",
				);
				GCC_WARN_64_TO_32_BIT_CONVERSION = YES;
				GCC_WARN_ABOUT_RETURN_TYPE = YES_ERROR;
				GCC_WARN_UNDECLARED_SELECTOR = YES;
				GCC_WARN_UNINITIALIZED_AUTOS = YES_AGGRESSIVE;
				GCC_WARN_UNUSED_FUNCTION = YES;
				GCC_WARN_UNUSED_VARIABLE = YES;
				IPHONEOS_DEPLOYMENT_TARGET = 18.4;
				LOCALIZATION_PREFERS_STRING_CATALOGS = YES;
				MTL_ENABLE_DEBUG_INFO = INCLUDE_SOURCE;
				MTL_FAST_MATH = YES;
				ONLY_ACTIVE_ARCH = YES;
				SDKROOT = iphoneos;
				SWIFT_ACTIVE_COMPILATION_CONDITIONS = "DEBUG $(inherited)";
				SWIFT_OPTIMIZATION_LEVEL = "-Onone";
			};
			name = Debug;
		};
		9B48BDC72DE08F7D00AE962B /* Release */ = {
			isa = XCBuildConfiguration;
			buildSettings = {
				ALWAYS_SEARCH_USER_PATHS = NO;
				ASSETCATALOG_COMPILER_GENERATE_SWIFT_ASSET_SYMBOL_EXTENSIONS = YES;
				CLANG_ANALYZER_NONNULL = YES;
				CLANG_ANALYZER_NUMBER_OBJECT_CONVERSION = YES_AGGRESSIVE;
				CLANG_CXX_LANGUAGE_STANDARD = "gnu++20";
				CLANG_ENABLE_MODULES = YES;
				CLANG_ENABLE_OBJC_ARC = YES;
				CLANG_ENABLE_OBJC_WEAK = YES;
				CLANG_WARN_BLOCK_CAPTURE_AUTORELEASING = YES;
				CLANG_WARN_BOOL_CONVERSION = YES;
				CLANG_WARN_COMMA = YES;
				CLANG_WARN_CONSTANT_CONVERSION = YES;
				CLANG_WARN_DEPRECATED_OBJC_IMPLEMENTATIONS = YES;
				CLANG_WARN_DIRECT_OBJC_ISA_USAGE = YES_ERROR;
				CLANG_WARN_DOCUMENTATION_COMMENTS = YES;
				CLANG_WARN_EMPTY_BODY = YES;
				CLANG_WARN_ENUM_CONVERSION = YES;
				CLANG_WARN_INFINITE_RECURSION = YES;
				CLANG_WARN_INT_CONVERSION = YES;
				CLANG_WARN_NON_LITERAL_NULL_CONVERSION = YES;
				CLANG_WARN_OBJC_IMPLICIT_RETAIN_SELF = YES;
				CLANG_WARN_OBJC_LITERAL_CONVERSION = YES;
				CLANG_WARN_OBJC_ROOT_CLASS = YES_ERROR;
				CLANG_WARN_QUOTED_INCLUDE_IN_FRAMEWORK_HEADER = YES;
				CLANG_WARN_RANGE_LOOP_ANALYSIS = YES;
				CLANG_WARN_STRICT_PROTOTYPES = YES;
				CLANG_WARN_SUSPICIOUS_MOVE = YES;
				CLANG_WARN_UNGUARDED_AVAILABILITY = YES_AGGRESSIVE;
				CLANG_WARN_UNREACHABLE_CODE = YES;
				CLANG_WARN__DUPLICATE_METHOD_MATCH = YES;
				COPY_PHASE_STRIP = NO;
				DEBUG_INFORMATION_FORMAT = "dwarf-with-dsym";
				ENABLE_NS_ASSERTIONS = NO;
				ENABLE_STRICT_OBJC_MSGSEND = YES;
				ENABLE_USER_SCRIPT_SANDBOXING = YES;
				GCC_C_LANGUAGE_STANDARD = gnu17;
				GCC_NO_COMMON_BLOCKS = YES;
				GCC_WARN_64_TO_32_BIT_CONVERSION = YES;
				GCC_WARN_ABOUT_RETURN_TYPE = YES_ERROR;
				GCC_WARN_UNDECLARED_SELECTOR = YES;
				GCC_WARN_UNINITIALIZED_AUTOS = YES_AGGRESSIVE;
				GCC_WARN_UNUSED_FUNCTION = YES;
				GCC_WARN_UNUSED_VARIABLE = YES;
				IPHONEOS_DEPLOYMENT_TARGET = 18.4;
				LOCALIZATION_PREFERS_STRING_CATALOGS = YES;
				MTL_ENABLE_DEBUG_INFO = NO;
				MTL_FAST_MATH = YES;
				SDKROOT = iphoneos;
				SWIFT_COMPILATION_MODE = wholemodule;
				VALIDATE_PRODUCT = YES;
			};
			name = Release;
		};
		9B48BDC92DE08F7D00AE962B /* Debug */ = {
			isa = XCBuildConfiguration;
			buildSettings = {
				ASSETCATALOG_COMPILER_APPICON_NAME = AppIcon;
				ASSETCATALOG_COMPILER_GLOBAL_ACCENT_COLOR_NAME = AccentColor;
				CODE_SIGN_STYLE = Automatic;
				CURRENT_PROJECT_VERSION = 1;
				ENABLE_PREVIEWS = YES;
				GENERATE_INFOPLIST_FILE = YES;
				INFOPLIST_FILE = StyleCast/Info.plist;
				INFOPLIST_KEY_NSLocationWhenInUseUsageDescription = "현재 위치의 날씨 정보를 제공하기 위해 위치 정보 접근 권한이 필요합니다.";
				INFOPLIST_KEY_UIApplicationSceneManifest_Generation = YES;
				INFOPLIST_KEY_UIApplicationSupportsIndirectInputEvents = YES;
				INFOPLIST_KEY_UILaunchScreen_Generation = YES;
				INFOPLIST_KEY_UISupportedInterfaceOrientations_iPad = "UIInterfaceOrientationPortrait UIInterfaceOrientationPortraitUpsideDown UIInterfaceOrientationLandscapeLeft UIInterfaceOrientationLandscapeRight";
				INFOPLIST_KEY_UISupportedInterfaceOrientations_iPhone = "UIInterfaceOrientationPortrait UIInterfaceOrientationLandscapeLeft UIInterfaceOrientationLandscapeRight";
				LD_RUNPATH_SEARCH_PATHS = (
					"$(inherited)",
					"@executable_path/Frameworks",
				);
				MARKETING_VERSION = 1.0;
				PRODUCT_BUNDLE_IDENTIFIER = com.StyleCast;
				PRODUCT_NAME = "$(TARGET_NAME)";
				SWIFT_EMIT_LOC_STRINGS = YES;
				SWIFT_VERSION = 5.0;
				TARGETED_DEVICE_FAMILY = "1,2";
			};
			name = Debug;
		};
		9B48BDCA2DE08F7D00AE962B /* Release */ = {
			isa = XCBuildConfiguration;
			buildSettings = {
				ASSETCATALOG_COMPILER_APPICON_NAME = AppIcon;
				ASSETCATALOG_COMPILER_GLOBAL_ACCENT_COLOR_NAME = AccentColor;
				CODE_SIGN_STYLE = Automatic;
				CURRENT_PROJECT_VERSION = 1;
				ENABLE_PREVIEWS = YES;
				GENERATE_INFOPLIST_FILE = YES;
				INFOPLIST_FILE = StyleCast/Info.plist;
				INFOPLIST_KEY_NSLocationWhenInUseUsageDescription = "현재 위치의 날씨 정보를 제공하기 위해 위치 정보 접근 권한이 필요합니다.";
				INFOPLIST_KEY_UIApplicationSceneManifest_Generation = YES;
				INFOPLIST_KEY_UIApplicationSupportsIndirectInputEvents = YES;
				INFOPLIST_KEY_UILaunchScreen_Generation = YES;
				INFOPLIST_KEY_UISupportedInterfaceOrientations_iPad = "UIInterfaceOrientationPortrait UIInterfaceOrientationPortraitUpsideDown UIInterfaceOrientationLandscapeLeft UIInterfaceOrientationLandscapeRight";
				INFOPLIST_KEY_UISupportedInterfaceOrientations_iPhone = "UIInterfaceOrientationPortrait UIInterfaceOrientationLandscapeLeft UIInterfaceOrientationLandscapeRight";
				LD_RUNPATH_SEARCH_PATHS = (
					"$(inherited)",
					"@executable_path/Frameworks",
				);
				MARKETING_VERSION = 1.0;
				PRODUCT_BUNDLE_IDENTIFIER = com.StyleCast;
				PRODUCT_NAME = "$(TARGET_NAME)";
				SWIFT_EMIT_LOC_STRINGS = YES;
				SWIFT_VERSION = 5.0;
				TARGETED_DEVICE_FAMILY = "1,2";
			};
			name = Release;
		};
		9B48BDCC2DE08F7D00AE962B /* Debug */ = {
			isa = XCBuildConfiguration;
			buildSettings = {
				BUNDLE_LOADER = "$(TEST_HOST)";
				CODE_SIGN_STYLE = Automatic;
				CURRENT_PROJECT_VERSION = 1;
				GENERATE_INFOPLIST_FILE = YES;
				IPHONEOS_DEPLOYMENT_TARGET = 18.4;
				MARKETING_VERSION = 1.0;
				PRODUCT_BUNDLE_IDENTIFIER = com.StyleCastTests;
				PRODUCT_NAME = "$(TARGET_NAME)";
				SWIFT_EMIT_LOC_STRINGS = NO;
				SWIFT_VERSION = 5.0;
				TARGETED_DEVICE_FAMILY = "1,2";
				TEST_HOST = "$(BUILT_PRODUCTS_DIR)/StyleCast.app/$(BUNDLE_EXECUTABLE_FOLDER_PATH)/StyleCast";
			};
			name = Debug;
		};
		9B48BDCD2DE08F7D00AE962B /* Release */ = {
			isa = XCBuildConfiguration;
			buildSettings = {
				BUNDLE_LOADER = "$(TEST_HOST)";
				CODE_SIGN_STYLE = Automatic;
				CURRENT_PROJECT_VERSION = 1;
				GENERATE_INFOPLIST_FILE = YES;
				IPHONEOS_DEPLOYMENT_TARGET = 18.4;
				MARKETING_VERSION = 1.0;
				PRODUCT_BUNDLE_IDENTIFIER = com.StyleCastTests;
				PRODUCT_NAME = "$(TARGET_NAME)";
				SWIFT_EMIT_LOC_STRINGS = NO;
				SWIFT_VERSION = 5.0;
				TARGETED_DEVICE_FAMILY = "1,2";
				TEST_HOST = "$(BUILT_PRODUCTS_DIR)/StyleCast.app/$(BUNDLE_EXECUTABLE_FOLDER_PATH)/StyleCast";
			};
			name = Release;
		};
		9B48BDCF2DE08F7D00AE962B /* Debug */ = {
			isa = XCBuildConfiguration;
			buildSettings = {
				CODE_SIGN_STYLE = Automatic;
				CURRENT_PROJECT_VERSION = 1;
				GENERATE_INFOPLIST_FILE = YES;
				MARKETING_VERSION = 1.0;
				PRODUCT_BUNDLE_IDENTIFIER = com.StyleCastUITests;
				PRODUCT_NAME = "$(TARGET_NAME)";
				SWIFT_EMIT_LOC_STRINGS = NO;
				SWIFT_VERSION = 5.0;
				TARGETED_DEVICE_FAMILY = "1,2";
				TEST_TARGET_NAME = StyleCast;
			};
			name = Debug;
		};
		9B48BDD02DE08F7D00AE962B /* Release */ = {
			isa = XCBuildConfiguration;
			buildSettings = {
				CODE_SIGN_STYLE = Automatic;
				CURRENT_PROJECT_VERSION = 1;
				GENERATE_INFOPLIST_FILE = YES;
				MARKETING_VERSION = 1.0;
				PRODUCT_BUNDLE_IDENTIFIER = com.StyleCastUITests;
				PRODUCT_NAME = "$(TARGET_NAME)";
				SWIFT_EMIT_LOC_STRINGS = NO;
				SWIFT_VERSION = 5.0;
				TARGETED_DEVICE_FAMILY = "1,2";
				TEST_TARGET_NAME = StyleCast;
			};
			name = Release;
		};
/* End XCBuildConfiguration section */

/* Begin XCConfigurationList section */
		9B48BDA22DE08F7C00AE962B /* Build configuration list for PBXProject "StyleCast" */ = {
			isa = XCConfigurationList;
			buildConfigurations = (
				9B48BDC62DE08F7D00AE962B /* Debug */,
				9B48BDC72DE08F7D00AE962B /* Release */,
			);
			defaultConfigurationIsVisible = 0;
			defaultConfigurationName = Release;
		};
		9B48BDC82DE08F7D00AE962B /* Build configuration list for PBXNativeTarget "StyleCast" */ = {
			isa = XCConfigurationList;
			buildConfigurations = (
				9B48BDC92DE08F7D00AE962B /* Debug */,
				9B48BDCA2DE08F7D00AE962B /* Release */,
			);
			defaultConfigurationIsVisible = 0;
			defaultConfigurationName = Release;
		};
		9B48BDCB2DE08F7D00AE962B /* Build configuration list for PBXNativeTarget "StyleCastTests" */ = {
			isa = XCConfigurationList;
			buildConfigurations = (
				9B48BDCC2DE08F7D00AE962B /* Debug */,
				9B48BDCD2DE08F7D00AE962B /* Release */,
			);
			defaultConfigurationIsVisible = 0;
			defaultConfigurationName = Release;
		};
		9B48BDCE2DE08F7D00AE962B /* Build configuration list for PBXNativeTarget "StyleCastUITests" */ = {
			isa = XCConfigurationList;
			buildConfigurations = (
				9B48BDCF2DE08F7D00AE962B /* Debug */,
				9B48BDD02DE08F7D00AE962B /* Release */,
			);
			defaultConfigurationIsVisible = 0;
			defaultConfigurationName = Release;
		};
/* End XCConfigurationList section */

/* Begin XCRemoteSwiftPackageReference section */
		9B48BDDD2DE0C18F00AE962B /* XCRemoteSwiftPackageReference "firebase-ios-sdk" */ = {
			isa = XCRemoteSwiftPackageReference;
			repositoryURL = "https://github.com/firebase/firebase-ios-sdk";
			requirement = {
				kind = upToNextMajorVersion;
				minimumVersion = 11.13.0;
			};
		};
/* End XCRemoteSwiftPackageReference section */

/* Begin XCSwiftPackageProductDependency section */
		9B48BDDE2DE0C18F00AE962B /* FirebaseAuth */ = {
			isa = XCSwiftPackageProductDependency;
			package = 9B48BDDD2DE0C18F00AE962B /* XCRemoteSwiftPackageReference "firebase-ios-sdk" */;
			productName = FirebaseAuth;
		};
		9B48BDE02DE0C18F00AE962B /* FirebaseDatabase */ = {
			isa = XCSwiftPackageProductDependency;
			package = 9B48BDDD2DE0C18F00AE962B /* XCRemoteSwiftPackageReference "firebase-ios-sdk" */;
			productName = FirebaseDatabase;
		};
		9B48BDE22DE0C18F00AE962B /* FirebaseFirestore */ = {
			isa = XCSwiftPackageProductDependency;
			package = 9B48BDDD2DE0C18F00AE962B /* XCRemoteSwiftPackageReference "firebase-ios-sdk" */;
			productName = FirebaseFirestore;
		};
		9B48BDE42DE0C18F00AE962B /* FirebaseStorage */ = {
			isa = XCSwiftPackageProductDependency;
			package = 9B48BDDD2DE0C18F00AE962B /* XCRemoteSwiftPackageReference "firebase-ios-sdk" */;
			productName = FirebaseStorage;
		};
		9B48BDFE2DE0CA0600AE962B /* FirebaseFirestoreCombine-Community */ = {
			isa = XCSwiftPackageProductDependency;
			package = 9B48BDDD2DE0C18F00AE962B /* XCRemoteSwiftPackageReference "firebase-ios-sdk" */;
			productName = "FirebaseFirestoreCombine-Community";
		};
		9B48BE002DE0CBBA00AE962B /* FirebaseCore */ = {
			isa = XCSwiftPackageProductDependency;
			productName = FirebaseCore;
		};
/* End XCSwiftPackageProductDependency section */
	};
	rootObject = 9B48BD9F2DE08F7C00AE962B /* Project object */;
}
